// !$*UTF8*$!
{
	archiveVersion = 1;
	classes = {
	};
	objectVersion = 51;
	objects = {

/* Begin PBXBuildFile section */
		3A07C8A8256DB31C004D8B22 /* WebKit.framework in Frameworks */ = {isa = PBXBuildFile; fileRef = 3A07C8A7256DB31C004D8B22 /* WebKit.framework */; };
		3A07C8AC256DB441004D8B22 /* UserSession.swift in Sources */ = {isa = PBXBuildFile; fileRef = 3A07C8AB256DB441004D8B22 /* UserSession.swift */; };
		3A07C8AF256DB559004D8B22 /* VKScopeBitmask.swift in Sources */ = {isa = PBXBuildFile; fileRef = 3A07C8AE256DB559004D8B22 /* VKScopeBitmask.swift */; };
		3A07C8B2256DB7D9004D8B22 /* WebLoginViewController.swift in Sources */ = {isa = PBXBuildFile; fileRef = 3A07C8B1256DB7D9004D8B22 /* WebLoginViewController.swift */; };
		3A07C8C4256DD1ED004D8B22 /* NetworkManager.swift in Sources */ = {isa = PBXBuildFile; fileRef = 3A07C8C3256DD1ED004D8B22 /* NetworkManager.swift */; };
		3A0EB2F72523382900BC6F04 /* AppDelegate.swift in Sources */ = {isa = PBXBuildFile; fileRef = 3A0EB2F62523382900BC6F04 /* AppDelegate.swift */; };
		3A0EB2F92523382900BC6F04 /* SceneDelegate.swift in Sources */ = {isa = PBXBuildFile; fileRef = 3A0EB2F82523382900BC6F04 /* SceneDelegate.swift */; };
		3A0EB2FE2523382900BC6F04 /* Main.storyboard in Resources */ = {isa = PBXBuildFile; fileRef = 3A0EB2FC2523382900BC6F04 /* Main.storyboard */; };
		3A0EB3002523382C00BC6F04 /* Assets.xcassets in Resources */ = {isa = PBXBuildFile; fileRef = 3A0EB2FF2523382C00BC6F04 /* Assets.xcassets */; };
		3A0EB3032523382C00BC6F04 /* LaunchScreen.storyboard in Resources */ = {isa = PBXBuildFile; fileRef = 3A0EB3012523382C00BC6F04 /* LaunchScreen.storyboard */; };
		3A0EB30C252343B600BC6F04 /* LoginFormViewController.swift in Sources */ = {isa = PBXBuildFile; fileRef = 3A0EB30B252343B600BC6F04 /* LoginFormViewController.swift */; };
		3A0EB3132526717E00BC6F04 /* TabBarController.swift in Sources */ = {isa = PBXBuildFile; fileRef = 3A0EB3122526717E00BC6F04 /* TabBarController.swift */; };
		3A0EF3CB25F3E07700F96AB3 /* UIColorExtension.swift in Sources */ = {isa = PBXBuildFile; fileRef = 3A0EF3CA25F3E07700F96AB3 /* UIColorExtension.swift */; };
		3A0EF3CE25F3EA1900F96AB3 /* DateFormatterExtension.swift in Sources */ = {isa = PBXBuildFile; fileRef = 3A0EF3CD25F3EA1900F96AB3 /* DateFormatterExtension.swift */; };
		3A0EF3D125F41AC000F96AB3 /* FriendViewModel.swift in Sources */ = {isa = PBXBuildFile; fileRef = 3A0EF3D025F41AC000F96AB3 /* FriendViewModel.swift */; };
		3A0EF3D425F4222400F96AB3 /* FriendViewModelAdapter.swift in Sources */ = {isa = PBXBuildFile; fileRef = 3A0EF3D325F4222400F96AB3 /* FriendViewModelAdapter.swift */; };
		3A0EF3DB25F6A7EE00F96AB3 /* News.swift in Sources */ = {isa = PBXBuildFile; fileRef = 3A0EF3DA25F6A7EE00F96AB3 /* News.swift */; };
		3A0EF3DE25F6A82900F96AB3 /* NewsFactory.swift in Sources */ = {isa = PBXBuildFile; fileRef = 3A0EF3DD25F6A82900F96AB3 /* NewsFactory.swift */; };
		3A0EF3E225F6B6E700F96AB3 /* NewsCellFactory.swift in Sources */ = {isa = PBXBuildFile; fileRef = 3A0EF3E125F6B6E700F96AB3 /* NewsCellFactory.swift */; };
		3A2D55C9252CF37B0085C278 /* GroupsSearchTableViewController.swift in Sources */ = {isa = PBXBuildFile; fileRef = 3A2D55C8252CF37B0085C278 /* GroupsSearchTableViewController.swift */; };
		3A2D55CD252CF9720085C278 /* GroupsSearchTableViewCell.swift in Sources */ = {isa = PBXBuildFile; fileRef = 3A2D55CC252CF9720085C278 /* GroupsSearchTableViewCell.swift */; };
		3A2D5B3B2574223700D029D0 /* Friend.swift in Sources */ = {isa = PBXBuildFile; fileRef = 3A2D5B3A2574223700D029D0 /* Friend.swift */; };
		3A35539B254494C700E88C58 /* FriendProfileAvatarTableViewCell.swift in Sources */ = {isa = PBXBuildFile; fileRef = 3A35539A254494C700E88C58 /* FriendProfileAvatarTableViewCell.swift */; };
		3A35539E2544954C00E88C58 /* FriendProfileDetailsTableViewCell.swift in Sources */ = {isa = PBXBuildFile; fileRef = 3A35539D2544954C00E88C58 /* FriendProfileDetailsTableViewCell.swift */; };
		3A3553A12544993E00E88C58 /* FriendProfileTableViewCell.swift in Sources */ = {isa = PBXBuildFile; fileRef = 3A3553A02544993E00E88C58 /* FriendProfileTableViewCell.swift */; };
		3A3553A72544D0A100E88C58 /* PhotoflowViewController.swift in Sources */ = {isa = PBXBuildFile; fileRef = 3A3553A62544D0A100E88C58 /* PhotoflowViewController.swift */; };
		3A3553AC2544D4BD00E88C58 /* PhotoflowCollectionViewCell.swift in Sources */ = {isa = PBXBuildFile; fileRef = 3A3553AA2544D4BD00E88C58 /* PhotoflowCollectionViewCell.swift */; };
		3A3553AD2544D4BD00E88C58 /* PhotoflowCollectionViewCell.xib in Resources */ = {isa = PBXBuildFile; fileRef = 3A3553AB2544D4BD00E88C58 /* PhotoflowCollectionViewCell.xib */; };
		3A35C03F25C0A0B800450FF5 /* AvatarDownloader.swift in Sources */ = {isa = PBXBuildFile; fileRef = 3A35C03E25C0A0B800450FF5 /* AvatarDownloader.swift */; };
		3A35C04225C0B32900450FF5 /* DownloadingAvatarsOperation.swift in Sources */ = {isa = PBXBuildFile; fileRef = 3A35C04125C0B32900450FF5 /* DownloadingAvatarsOperation.swift */; };
		3A38B907252DD1460057542D /* User.swift in Sources */ = {isa = PBXBuildFile; fileRef = 3A38B906252DD1460057542D /* User.swift */; };
		3A38B90A252DD2810057542D /* Group.swift in Sources */ = {isa = PBXBuildFile; fileRef = 3A38B909252DD2810057542D /* Group.swift */; };
		3A3EA88B25407301002EB846 /* UIButtonExtension.swift in Sources */ = {isa = PBXBuildFile; fileRef = 3A3EA88A25407301002EB846 /* UIButtonExtension.swift */; };
		3A44566C2543138400198FC2 /* RawFeatures.swift in Sources */ = {isa = PBXBuildFile; fileRef = 3A44566B2543138400198FC2 /* RawFeatures.swift */; };
		3A58804E2541AD480035B005 /* AccountTableViewCell.swift in Sources */ = {isa = PBXBuildFile; fileRef = 3A58804D2541AD480035B005 /* AccountTableViewCell.swift */; };
		3A62AD9525AE2D6A007C7426 /* Post.swift in Sources */ = {isa = PBXBuildFile; fileRef = 3A62AD9425AE2D6A007C7426 /* Post.swift */; };
		3A62ADB025B23204007C7426 /* Video.swift in Sources */ = {isa = PBXBuildFile; fileRef = 3A62ADAF25B23204007C7426 /* Video.swift */; };
		3A63AEA6252B74B1000C2046 /* FriendsTableViewController.swift in Sources */ = {isa = PBXBuildFile; fileRef = 3A63AEA5252B74B1000C2046 /* FriendsTableViewController.swift */; };
		3A63AEAA252B9C02000C2046 /* GroupsTableViewController.swift in Sources */ = {isa = PBXBuildFile; fileRef = 3A63AEA9252B9C02000C2046 /* GroupsTableViewController.swift */; };
		3A63AEB7252BA89B000C2046 /* FriendsTableViewCell.swift in Sources */ = {isa = PBXBuildFile; fileRef = 3A63AEB6252BA89B000C2046 /* FriendsTableViewCell.swift */; };
		3A63AEBC252BBB8B000C2046 /* GroupsTableViewCell.swift in Sources */ = {isa = PBXBuildFile; fileRef = 3A63AEBB252BBB8B000C2046 /* GroupsTableViewCell.swift */; };
		3A6C24D02537497800B97B0E /* AccountTableViewController.swift in Sources */ = {isa = PBXBuildFile; fileRef = 3A6C24CF2537497800B97B0E /* AccountTableViewController.swift */; };
		3A7B0D1D25CEF59700E135D3 /* MessagesService.swift in Sources */ = {isa = PBXBuildFile; fileRef = 3A7B0D1C25CEF59700E135D3 /* MessagesService.swift */; };
		3A84CC0A257CF2FF005ED340 /* Photo.swift in Sources */ = {isa = PBXBuildFile; fileRef = 3A84CC09257CF2FF005ED340 /* Photo.swift */; };
		3A8ED682253DC7C1006F38E0 /* NewsMediaCollectionViewCell.swift in Sources */ = {isa = PBXBuildFile; fileRef = 3A8ED681253DC7C1006F38E0 /* NewsMediaCollectionViewCell.swift */; };
		3A9CADBA253C991300B187FB /* NewsTableViewController.swift in Sources */ = {isa = PBXBuildFile; fileRef = 3A9CADB9253C991300B187FB /* NewsTableViewController.swift */; };
		3A9CADBD253C996000B187FB /* NewsTableViewCell.swift in Sources */ = {isa = PBXBuildFile; fileRef = 3A9CADBC253C996000B187FB /* NewsTableViewCell.swift */; };
		3A9CADC4253CCD0D00B187FB /* NewsHeaderTableViewCell.swift in Sources */ = {isa = PBXBuildFile; fileRef = 3A9CADC3253CCD0D00B187FB /* NewsHeaderTableViewCell.swift */; };
		3A9CADC7253CCD2C00B187FB /* NewsTextTableViewCell.swift in Sources */ = {isa = PBXBuildFile; fileRef = 3A9CADC6253CCD2C00B187FB /* NewsTextTableViewCell.swift */; };
		3A9CADCA253CCD3D00B187FB /* NewsMediaTableViewCell.swift in Sources */ = {isa = PBXBuildFile; fileRef = 3A9CADC9253CCD3D00B187FB /* NewsMediaTableViewCell.swift */; };
		3A9CADCD253CCD4D00B187FB /* NewsFooterTableViewCell.swift in Sources */ = {isa = PBXBuildFile; fileRef = 3A9CADCC253CCD4D00B187FB /* NewsFooterTableViewCell.swift */; };
		3AA20B7D258403F200857933 /* RealmManager.swift in Sources */ = {isa = PBXBuildFile; fileRef = 3AA20B7C258403F200857933 /* RealmManager.swift */; };
		3AA5E2E42540DBF200BB7B5E /* UIViewExtension.swift in Sources */ = {isa = PBXBuildFile; fileRef = 3AA5E2E32540DBF200BB7B5E /* UIViewExtension.swift */; };
		3AB5F58D2530A28C0081DB51 /* AvatarView.swift in Sources */ = {isa = PBXBuildFile; fileRef = 3AB5F58C2530A28C0081DB51 /* AvatarView.swift */; };
		3ABC48B82548282D00905805 /* FullScreenScrollView.swift in Sources */ = {isa = PBXBuildFile; fileRef = 3ABC48B72548282D00905805 /* FullScreenScrollView.swift */; };
		3AC2444A25BDC208004D3B0B /* NetworkOperation.swift in Sources */ = {isa = PBXBuildFile; fileRef = 3AC2444925BDC208004D3B0B /* NetworkOperation.swift */; };
		3AC2444D25BDD5B0004D3B0B /* AsyncOperation.swift in Sources */ = {isa = PBXBuildFile; fileRef = 3AC2444C25BDD5B0004D3B0B /* AsyncOperation.swift */; };
		3AC2445025BDE671004D3B0B /* ParsingOperation.swift in Sources */ = {isa = PBXBuildFile; fileRef = 3AC2444F25BDE670004D3B0B /* ParsingOperation.swift */; };
		3AC2445825BDEDD4004D3B0B /* SavingOperation.swift in Sources */ = {isa = PBXBuildFile; fileRef = 3AC2445725BDEDD4004D3B0B /* SavingOperation.swift */; };
		3AD2379425471D83007E30DA /* FullScreenViewController.swift in Sources */ = {isa = PBXBuildFile; fileRef = 3AD2379325471D83007E30DA /* FullScreenViewController.swift */; };
		3AD23798254721B9007E30DA /* FullScreenCollectionViewCell.swift in Sources */ = {isa = PBXBuildFile; fileRef = 3AD23797254721B9007E30DA /* FullScreenCollectionViewCell.swift */; };
		3AE82EEC259F6D2E00A39B2B /* Photoflow.swift in Sources */ = {isa = PBXBuildFile; fileRef = 3AE82EEB259F6D2E00A39B2B /* Photoflow.swift */; };
		3AE82EFC25A33D7E00A39B2B /* GoogleService-Info.plist in Resources */ = {isa = PBXBuildFile; fileRef = 3AE82EFB25A33D7E00A39B2B /* GoogleService-Info.plist */; };
		3AFB250E2535E37E00908839 /* MessengerTableViewController.swift in Sources */ = {isa = PBXBuildFile; fileRef = 3AFB250D2535E37E00908839 /* MessengerTableViewController.swift */; };
		3AFB25162535E44A00908839 /* MessengerTableViewCell.swift in Sources */ = {isa = PBXBuildFile; fileRef = 3AFB25142535E44A00908839 /* MessengerTableViewCell.swift */; };
		3AFB25172535E44A00908839 /* MessengerTableViewCell.xib in Resources */ = {isa = PBXBuildFile; fileRef = 3AFB25152535E44A00908839 /* MessengerTableViewCell.xib */; };
		3AFB251A25363C2500908839 /* MessageStatusView.swift in Sources */ = {isa = PBXBuildFile; fileRef = 3AFB251925363C2500908839 /* MessageStatusView.swift */; };
		7FDC689C76E245D156E7E416 /* Pods_SocialApp.framework in Frameworks */ = {isa = PBXBuildFile; fileRef = B734B77F8E8D2B536F42FDC4 /* Pods_SocialApp.framework */; };
		8B39F02925C2F371000A6016 /* GroupParser.swift in Sources */ = {isa = PBXBuildFile; fileRef = 8B39F02825C2F371000A6016 /* GroupParser.swift */; };
		8B7F4E3925D66D1E00D1DD4A /* UITableViewControllerExtension.swift in Sources */ = {isa = PBXBuildFile; fileRef = 8B7F4E3825D66D1E00D1DD4A /* UITableViewControllerExtension.swift */; };
		8BCDE23325DA8733000E088B /* FriendsProfileTableViewController.swift in Sources */ = {isa = PBXBuildFile; fileRef = 8BCDE23225DA8733000E088B /* FriendsProfileTableViewController.swift */; };
/* End PBXBuildFile section */

/* Begin PBXFileReference section */
		3A07C8A7256DB31C004D8B22 /* WebKit.framework */ = {isa = PBXFileReference; lastKnownFileType = wrapper.framework; name = WebKit.framework; path = System/Library/Frameworks/WebKit.framework; sourceTree = SDKROOT; };
		3A07C8AB256DB441004D8B22 /* UserSession.swift */ = {isa = PBXFileReference; lastKnownFileType = sourcecode.swift; path = UserSession.swift; sourceTree = "<group>"; };
		3A07C8AE256DB559004D8B22 /* VKScopeBitmask.swift */ = {isa = PBXFileReference; lastKnownFileType = sourcecode.swift; path = VKScopeBitmask.swift; sourceTree = "<group>"; };
		3A07C8B1256DB7D9004D8B22 /* WebLoginViewController.swift */ = {isa = PBXFileReference; lastKnownFileType = sourcecode.swift; path = WebLoginViewController.swift; sourceTree = "<group>"; };
		3A07C8C3256DD1ED004D8B22 /* NetworkManager.swift */ = {isa = PBXFileReference; lastKnownFileType = sourcecode.swift; path = NetworkManager.swift; sourceTree = "<group>"; };
		3A0EB2F32523382900BC6F04 /* SocialApp.app */ = {isa = PBXFileReference; explicitFileType = wrapper.application; includeInIndex = 0; path = SocialApp.app; sourceTree = BUILT_PRODUCTS_DIR; };
		3A0EB2F62523382900BC6F04 /* AppDelegate.swift */ = {isa = PBXFileReference; lastKnownFileType = sourcecode.swift; path = AppDelegate.swift; sourceTree = "<group>"; };
		3A0EB2F82523382900BC6F04 /* SceneDelegate.swift */ = {isa = PBXFileReference; lastKnownFileType = sourcecode.swift; path = SceneDelegate.swift; sourceTree = "<group>"; };
		3A0EB2FD2523382900BC6F04 /* Base */ = {isa = PBXFileReference; lastKnownFileType = file.storyboard; name = Base; path = Base.lproj/Main.storyboard; sourceTree = "<group>"; };
		3A0EB2FF2523382C00BC6F04 /* Assets.xcassets */ = {isa = PBXFileReference; lastKnownFileType = folder.assetcatalog; path = Assets.xcassets; sourceTree = "<group>"; };
		3A0EB3022523382C00BC6F04 /* Base */ = {isa = PBXFileReference; lastKnownFileType = file.storyboard; name = Base; path = Base.lproj/LaunchScreen.storyboard; sourceTree = "<group>"; };
		3A0EB3042523382C00BC6F04 /* Info.plist */ = {isa = PBXFileReference; lastKnownFileType = text.plist.xml; path = Info.plist; sourceTree = "<group>"; };
		3A0EB30B252343B600BC6F04 /* LoginFormViewController.swift */ = {isa = PBXFileReference; lastKnownFileType = sourcecode.swift; path = LoginFormViewController.swift; sourceTree = "<group>"; };
		3A0EB3122526717E00BC6F04 /* TabBarController.swift */ = {isa = PBXFileReference; lastKnownFileType = sourcecode.swift; path = TabBarController.swift; sourceTree = "<group>"; };
		3A0EF3CA25F3E07700F96AB3 /* UIColorExtension.swift */ = {isa = PBXFileReference; lastKnownFileType = sourcecode.swift; path = UIColorExtension.swift; sourceTree = "<group>"; };
		3A0EF3CD25F3EA1900F96AB3 /* DateFormatterExtension.swift */ = {isa = PBXFileReference; lastKnownFileType = sourcecode.swift; path = DateFormatterExtension.swift; sourceTree = "<group>"; };
		3A0EF3D025F41AC000F96AB3 /* FriendViewModel.swift */ = {isa = PBXFileReference; lastKnownFileType = sourcecode.swift; path = FriendViewModel.swift; sourceTree = "<group>"; };
		3A0EF3D325F4222400F96AB3 /* FriendViewModelAdapter.swift */ = {isa = PBXFileReference; lastKnownFileType = sourcecode.swift; path = FriendViewModelAdapter.swift; sourceTree = "<group>"; };
		3A0EF3DA25F6A7EE00F96AB3 /* News.swift */ = {isa = PBXFileReference; lastKnownFileType = sourcecode.swift; path = News.swift; sourceTree = "<group>"; };
		3A0EF3DD25F6A82900F96AB3 /* NewsFactory.swift */ = {isa = PBXFileReference; lastKnownFileType = sourcecode.swift; path = NewsFactory.swift; sourceTree = "<group>"; };
		3A0EF3E125F6B6E700F96AB3 /* NewsCellFactory.swift */ = {isa = PBXFileReference; lastKnownFileType = sourcecode.swift; path = NewsCellFactory.swift; sourceTree = "<group>"; };
		3A2D55C8252CF37B0085C278 /* GroupsSearchTableViewController.swift */ = {isa = PBXFileReference; lastKnownFileType = sourcecode.swift; path = GroupsSearchTableViewController.swift; sourceTree = "<group>"; };
		3A2D55CC252CF9720085C278 /* GroupsSearchTableViewCell.swift */ = {isa = PBXFileReference; lastKnownFileType = sourcecode.swift; path = GroupsSearchTableViewCell.swift; sourceTree = "<group>"; };
		3A2D5B3A2574223700D029D0 /* Friend.swift */ = {isa = PBXFileReference; lastKnownFileType = sourcecode.swift; path = Friend.swift; sourceTree = "<group>"; };
		3A35539A254494C700E88C58 /* FriendProfileAvatarTableViewCell.swift */ = {isa = PBXFileReference; lastKnownFileType = sourcecode.swift; path = FriendProfileAvatarTableViewCell.swift; sourceTree = "<group>"; };
		3A35539D2544954C00E88C58 /* FriendProfileDetailsTableViewCell.swift */ = {isa = PBXFileReference; lastKnownFileType = sourcecode.swift; path = FriendProfileDetailsTableViewCell.swift; sourceTree = "<group>"; };
		3A3553A02544993E00E88C58 /* FriendProfileTableViewCell.swift */ = {isa = PBXFileReference; lastKnownFileType = sourcecode.swift; path = FriendProfileTableViewCell.swift; sourceTree = "<group>"; };
		3A3553A62544D0A100E88C58 /* PhotoflowViewController.swift */ = {isa = PBXFileReference; lastKnownFileType = sourcecode.swift; path = PhotoflowViewController.swift; sourceTree = "<group>"; };
		3A3553AA2544D4BD00E88C58 /* PhotoflowCollectionViewCell.swift */ = {isa = PBXFileReference; lastKnownFileType = sourcecode.swift; path = PhotoflowCollectionViewCell.swift; sourceTree = "<group>"; };
		3A3553AB2544D4BD00E88C58 /* PhotoflowCollectionViewCell.xib */ = {isa = PBXFileReference; lastKnownFileType = file.xib; path = PhotoflowCollectionViewCell.xib; sourceTree = "<group>"; };
		3A35C03E25C0A0B800450FF5 /* AvatarDownloader.swift */ = {isa = PBXFileReference; lastKnownFileType = sourcecode.swift; path = AvatarDownloader.swift; sourceTree = "<group>"; };
		3A35C04125C0B32900450FF5 /* DownloadingAvatarsOperation.swift */ = {isa = PBXFileReference; lastKnownFileType = sourcecode.swift; path = DownloadingAvatarsOperation.swift; sourceTree = "<group>"; };
		3A38B906252DD1460057542D /* User.swift */ = {isa = PBXFileReference; lastKnownFileType = sourcecode.swift; path = User.swift; sourceTree = "<group>"; };
		3A38B909252DD2810057542D /* Group.swift */ = {isa = PBXFileReference; lastKnownFileType = sourcecode.swift; path = Group.swift; sourceTree = "<group>"; };
		3A3EA88A25407301002EB846 /* UIButtonExtension.swift */ = {isa = PBXFileReference; lastKnownFileType = sourcecode.swift; path = UIButtonExtension.swift; sourceTree = "<group>"; };
		3A44566B2543138400198FC2 /* RawFeatures.swift */ = {isa = PBXFileReference; lastKnownFileType = sourcecode.swift; path = RawFeatures.swift; sourceTree = "<group>"; };
		3A58804D2541AD480035B005 /* AccountTableViewCell.swift */ = {isa = PBXFileReference; lastKnownFileType = sourcecode.swift; path = AccountTableViewCell.swift; sourceTree = "<group>"; };
		3A62AD9425AE2D6A007C7426 /* Post.swift */ = {isa = PBXFileReference; lastKnownFileType = sourcecode.swift; path = Post.swift; sourceTree = "<group>"; };
		3A62ADAF25B23204007C7426 /* Video.swift */ = {isa = PBXFileReference; lastKnownFileType = sourcecode.swift; path = Video.swift; sourceTree = "<group>"; };
		3A62ADB225B47EFB007C7426 /* JSON.geojson */ = {isa = PBXFileReference; lastKnownFileType = text; path = JSON.geojson; sourceTree = "<group>"; };
		3A63AEA5252B74B1000C2046 /* FriendsTableViewController.swift */ = {isa = PBXFileReference; lastKnownFileType = sourcecode.swift; path = FriendsTableViewController.swift; sourceTree = "<group>"; };
		3A63AEA9252B9C02000C2046 /* GroupsTableViewController.swift */ = {isa = PBXFileReference; lastKnownFileType = sourcecode.swift; path = GroupsTableViewController.swift; sourceTree = "<group>"; };
		3A63AEB6252BA89B000C2046 /* FriendsTableViewCell.swift */ = {isa = PBXFileReference; lastKnownFileType = sourcecode.swift; path = FriendsTableViewCell.swift; sourceTree = "<group>"; };
		3A63AEBB252BBB8B000C2046 /* GroupsTableViewCell.swift */ = {isa = PBXFileReference; lastKnownFileType = sourcecode.swift; path = GroupsTableViewCell.swift; sourceTree = "<group>"; };
		3A6C24CF2537497800B97B0E /* AccountTableViewController.swift */ = {isa = PBXFileReference; lastKnownFileType = sourcecode.swift; path = AccountTableViewController.swift; sourceTree = "<group>"; };
		3A7B0D1C25CEF59700E135D3 /* MessagesService.swift */ = {isa = PBXFileReference; lastKnownFileType = sourcecode.swift; path = MessagesService.swift; sourceTree = "<group>"; };
		3A84CC09257CF2FF005ED340 /* Photo.swift */ = {isa = PBXFileReference; lastKnownFileType = sourcecode.swift; path = Photo.swift; sourceTree = "<group>"; };
		3A8ED681253DC7C1006F38E0 /* NewsMediaCollectionViewCell.swift */ = {isa = PBXFileReference; lastKnownFileType = sourcecode.swift; path = NewsMediaCollectionViewCell.swift; sourceTree = "<group>"; };
		3A9CADB9253C991300B187FB /* NewsTableViewController.swift */ = {isa = PBXFileReference; lastKnownFileType = sourcecode.swift; path = NewsTableViewController.swift; sourceTree = "<group>"; };
		3A9CADBC253C996000B187FB /* NewsTableViewCell.swift */ = {isa = PBXFileReference; lastKnownFileType = sourcecode.swift; path = NewsTableViewCell.swift; sourceTree = "<group>"; };
		3A9CADC3253CCD0D00B187FB /* NewsHeaderTableViewCell.swift */ = {isa = PBXFileReference; lastKnownFileType = sourcecode.swift; path = NewsHeaderTableViewCell.swift; sourceTree = "<group>"; };
		3A9CADC6253CCD2C00B187FB /* NewsTextTableViewCell.swift */ = {isa = PBXFileReference; lastKnownFileType = sourcecode.swift; path = NewsTextTableViewCell.swift; sourceTree = "<group>"; };
		3A9CADC9253CCD3D00B187FB /* NewsMediaTableViewCell.swift */ = {isa = PBXFileReference; lastKnownFileType = sourcecode.swift; path = NewsMediaTableViewCell.swift; sourceTree = "<group>"; };
		3A9CADCC253CCD4D00B187FB /* NewsFooterTableViewCell.swift */ = {isa = PBXFileReference; lastKnownFileType = sourcecode.swift; path = NewsFooterTableViewCell.swift; sourceTree = "<group>"; };
		3AA20B7C258403F200857933 /* RealmManager.swift */ = {isa = PBXFileReference; lastKnownFileType = sourcecode.swift; path = RealmManager.swift; sourceTree = "<group>"; };
		3AA5E2E32540DBF200BB7B5E /* UIViewExtension.swift */ = {isa = PBXFileReference; lastKnownFileType = sourcecode.swift; path = UIViewExtension.swift; sourceTree = "<group>"; };
		3AB5F58C2530A28C0081DB51 /* AvatarView.swift */ = {isa = PBXFileReference; lastKnownFileType = sourcecode.swift; path = AvatarView.swift; sourceTree = "<group>"; };
		3ABC48B72548282D00905805 /* FullScreenScrollView.swift */ = {isa = PBXFileReference; lastKnownFileType = sourcecode.swift; path = FullScreenScrollView.swift; sourceTree = "<group>"; };
		3AC2444925BDC208004D3B0B /* NetworkOperation.swift */ = {isa = PBXFileReference; lastKnownFileType = sourcecode.swift; path = NetworkOperation.swift; sourceTree = "<group>"; };
		3AC2444C25BDD5B0004D3B0B /* AsyncOperation.swift */ = {isa = PBXFileReference; lastKnownFileType = sourcecode.swift; path = AsyncOperation.swift; sourceTree = "<group>"; };
		3AC2444F25BDE670004D3B0B /* ParsingOperation.swift */ = {isa = PBXFileReference; lastKnownFileType = sourcecode.swift; path = ParsingOperation.swift; sourceTree = "<group>"; };
		3AC2445725BDEDD4004D3B0B /* SavingOperation.swift */ = {isa = PBXFileReference; lastKnownFileType = sourcecode.swift; path = SavingOperation.swift; sourceTree = "<group>"; };
		3AD2379325471D83007E30DA /* FullScreenViewController.swift */ = {isa = PBXFileReference; lastKnownFileType = sourcecode.swift; path = FullScreenViewController.swift; sourceTree = "<group>"; };
		3AD23797254721B9007E30DA /* FullScreenCollectionViewCell.swift */ = {isa = PBXFileReference; lastKnownFileType = sourcecode.swift; path = FullScreenCollectionViewCell.swift; sourceTree = "<group>"; };
		3AE82EEB259F6D2E00A39B2B /* Photoflow.swift */ = {isa = PBXFileReference; lastKnownFileType = sourcecode.swift; path = Photoflow.swift; sourceTree = "<group>"; };
		3AE82EFB25A33D7E00A39B2B /* GoogleService-Info.plist */ = {isa = PBXFileReference; fileEncoding = 4; lastKnownFileType = text.plist.xml; path = "GoogleService-Info.plist"; sourceTree = "<group>"; };
		3AFB250D2535E37E00908839 /* MessengerTableViewController.swift */ = {isa = PBXFileReference; lastKnownFileType = sourcecode.swift; path = MessengerTableViewController.swift; sourceTree = "<group>"; };
		3AFB25142535E44A00908839 /* MessengerTableViewCell.swift */ = {isa = PBXFileReference; lastKnownFileType = sourcecode.swift; path = MessengerTableViewCell.swift; sourceTree = "<group>"; };
		3AFB25152535E44A00908839 /* MessengerTableViewCell.xib */ = {isa = PBXFileReference; lastKnownFileType = file.xib; path = MessengerTableViewCell.xib; sourceTree = "<group>"; };
		3AFB251925363C2500908839 /* MessageStatusView.swift */ = {isa = PBXFileReference; lastKnownFileType = sourcecode.swift; path = MessageStatusView.swift; sourceTree = "<group>"; };
		70F06DD29DA98926E8ECF9F9 /* Pods-SocialApp.debug.xcconfig */ = {isa = PBXFileReference; includeInIndex = 1; lastKnownFileType = text.xcconfig; name = "Pods-SocialApp.debug.xcconfig"; path = "Target Support Files/Pods-SocialApp/Pods-SocialApp.debug.xcconfig"; sourceTree = "<group>"; };
		8B39F02825C2F371000A6016 /* GroupParser.swift */ = {isa = PBXFileReference; lastKnownFileType = sourcecode.swift; path = GroupParser.swift; sourceTree = "<group>"; };
		8B7F4E3825D66D1E00D1DD4A /* UITableViewControllerExtension.swift */ = {isa = PBXFileReference; lastKnownFileType = sourcecode.swift; path = UITableViewControllerExtension.swift; sourceTree = "<group>"; };
		8BCDE23225DA8733000E088B /* FriendsProfileTableViewController.swift */ = {isa = PBXFileReference; lastKnownFileType = sourcecode.swift; path = FriendsProfileTableViewController.swift; sourceTree = "<group>"; };
		B30D10EFDD67D92C56BD032F /* Pods-SocialApp.release.xcconfig */ = {isa = PBXFileReference; includeInIndex = 1; lastKnownFileType = text.xcconfig; name = "Pods-SocialApp.release.xcconfig"; path = "Target Support Files/Pods-SocialApp/Pods-SocialApp.release.xcconfig"; sourceTree = "<group>"; };
		B734B77F8E8D2B536F42FDC4 /* Pods_SocialApp.framework */ = {isa = PBXFileReference; explicitFileType = wrapper.framework; includeInIndex = 0; path = Pods_SocialApp.framework; sourceTree = BUILT_PRODUCTS_DIR; };
/* End PBXFileReference section */

/* Begin PBXFrameworksBuildPhase section */
		3A0EB2F02523382900BC6F04 /* Frameworks */ = {
			isa = PBXFrameworksBuildPhase;
			buildActionMask = 2147483647;
			files = (
				3A07C8A8256DB31C004D8B22 /* WebKit.framework in Frameworks */,
				7FDC689C76E245D156E7E416 /* Pods_SocialApp.framework in Frameworks */,
			);
			runOnlyForDeploymentPostprocessing = 0;
		};
/* End PBXFrameworksBuildPhase section */

/* Begin PBXGroup section */
		2A85D1AAC15DF54036ED598B /* Frameworks */ = {
			isa = PBXGroup;
			children = (
				3A07C8A7256DB31C004D8B22 /* WebKit.framework */,
				B734B77F8E8D2B536F42FDC4 /* Pods_SocialApp.framework */,
			);
			name = Frameworks;
			sourceTree = "<group>";
		};
		3A07C89E256DAE46004D8B22 /* Application */ = {
			isa = PBXGroup;
			children = (
				3A2F580A2597BFB7000B39A3 /* Model */,
				3A2F58092597BFA2000B39A3 /* View */,
				3A2F58082597BF88000B39A3 /* Controller */,
				3A0EB2F62523382900BC6F04 /* AppDelegate.swift */,
				3A0EB2F82523382900BC6F04 /* SceneDelegate.swift */,
			);
			path = Application;
			sourceTree = "<group>";
		};
		3A07C8BA256DD0FD004D8B22 /* Controller */ = {
			isa = PBXGroup;
			children = (
				3A63AEA5252B74B1000C2046 /* FriendsTableViewController.swift */,
				8BCDE23225DA8733000E088B /* FriendsProfileTableViewController.swift */,
			);
			path = Controller;
			sourceTree = "<group>";
		};
		3A07C8BB256DD10D004D8B22 /* View */ = {
			isa = PBXGroup;
			children = (
				3AB5F58C2530A28C0081DB51 /* AvatarView.swift */,
				3A63AEB6252BA89B000C2046 /* FriendsTableViewCell.swift */,
				3A35539A254494C700E88C58 /* FriendProfileAvatarTableViewCell.swift */,
				3A35539D2544954C00E88C58 /* FriendProfileDetailsTableViewCell.swift */,
				3A3553A02544993E00E88C58 /* FriendProfileTableViewCell.swift */,
			);
			path = View;
			sourceTree = "<group>";
		};
		3A07C8C2256DD1DE004D8B22 /* Network */ = {
			isa = PBXGroup;
			children = (
				3A07C8C3256DD1ED004D8B22 /* NetworkManager.swift */,
				3AC2444C25BDD5B0004D3B0B /* AsyncOperation.swift */,
				3AC2444925BDC208004D3B0B /* NetworkOperation.swift */,
				3AC2444F25BDE670004D3B0B /* ParsingOperation.swift */,
				3AC2445725BDEDD4004D3B0B /* SavingOperation.swift */,
				3A35C03E25C0A0B800450FF5 /* AvatarDownloader.swift */,
				3A35C04125C0B32900450FF5 /* DownloadingAvatarsOperation.swift */,
			);
			path = Network;
			sourceTree = "<group>";
		};
		3A0EB2EA2523382900BC6F04 = {
			isa = PBXGroup;
			children = (
				3A0EB2F52523382900BC6F04 /* SocialApp */,
				3A0EB2F42523382900BC6F04 /* Products */,
				FEE16C89C8D282C500EE354C /* Pods */,
				2A85D1AAC15DF54036ED598B /* Frameworks */,
			);
			sourceTree = "<group>";
		};
		3A0EB2F42523382900BC6F04 /* Products */ = {
			isa = PBXGroup;
			children = (
				3A0EB2F32523382900BC6F04 /* SocialApp.app */,
			);
			name = Products;
			sourceTree = "<group>";
		};
		3A0EB2F52523382900BC6F04 /* SocialApp */ = {
			isa = PBXGroup;
			children = (
				3A07C8C2256DD1DE004D8B22 /* Network */,
				3AA20B7B258403D900857933 /* DataBases */,
				3A2D5B3825741E4400D029D0 /* Photoflow */,
				3A07C89E256DAE46004D8B22 /* Application */,
				3A44566A2543135500198FC2 /* RawFeatures */,
				3A3EA889254072CC002EB846 /* Extensions */,
				3A6C24CE2537494C00B97B0E /* Account */,
				3AFB250C2535E31900908839 /* Messenger */,
				3A2D55CF252CFCB00085C278 /* Friends */,
				3A2D55C7252CF3460085C278 /* Groups */,
				3A9CADB7253C7A6100B187FB /* News */,
				3A0EB2FF2523382C00BC6F04 /* Assets.xcassets */,
				3AE82EFB25A33D7E00A39B2B /* GoogleService-Info.plist */,
				3A0EB3042523382C00BC6F04 /* Info.plist */,
				3A62ADB225B47EFB007C7426 /* JSON.geojson */,
			);
			path = SocialApp;
			sourceTree = "<group>";
		};
		3A2D55C7252CF3460085C278 /* Groups */ = {
			isa = PBXGroup;
			children = (
				8B3CC3F32594D6FE00874547 /* Model */,
				8B3CC3F22594D6EC00874547 /* View */,
				8B3CC3F12594D6B000874547 /* Controller */,
			);
			path = Groups;
			sourceTree = "<group>";
		};
		3A2D55CF252CFCB00085C278 /* Friends */ = {
			isa = PBXGroup;
			children = (
				3A2F580625978078000B39A3 /* Model */,
				3A07C8BB256DD10D004D8B22 /* View */,
				3A07C8BA256DD0FD004D8B22 /* Controller */,
			);
			path = Friends;
			sourceTree = "<group>";
		};
		3A2D5B3825741E4400D029D0 /* Photoflow */ = {
			isa = PBXGroup;
			children = (
				3A2F580E2597C05F000B39A3 /* Model */,
				3A2F580F2597C068000B39A3 /* View */,
				3A2F58102597C06D000B39A3 /* Controller */,
			);
			path = Photoflow;
			sourceTree = "<group>";
		};
		3A2F580625978078000B39A3 /* Model */ = {
			isa = PBXGroup;
			children = (
				3A2D5B3A2574223700D029D0 /* Friend.swift */,
				3A0EF3D025F41AC000F96AB3 /* FriendViewModel.swift */,
				3A0EF3D325F4222400F96AB3 /* FriendViewModelAdapter.swift */,
			);
			path = Model;
			sourceTree = "<group>";
		};
		3A2F58082597BF88000B39A3 /* Controller */ = {
			isa = PBXGroup;
			children = (
				3A0EB30B252343B600BC6F04 /* LoginFormViewController.swift */,
				3A0EB3122526717E00BC6F04 /* TabBarController.swift */,
				3A07C8B1256DB7D9004D8B22 /* WebLoginViewController.swift */,
			);
			path = Controller;
			sourceTree = "<group>";
		};
		3A2F58092597BFA2000B39A3 /* View */ = {
			isa = PBXGroup;
			children = (
				3A0EB2FC2523382900BC6F04 /* Main.storyboard */,
				3A0EB3012523382C00BC6F04 /* LaunchScreen.storyboard */,
			);
			path = View;
			sourceTree = "<group>";
		};
		3A2F580A2597BFB7000B39A3 /* Model */ = {
			isa = PBXGroup;
			children = (
				3A07C8AB256DB441004D8B22 /* UserSession.swift */,
				3A07C8AE256DB559004D8B22 /* VKScopeBitmask.swift */,
				3A38B906252DD1460057542D /* User.swift */,
			);
			path = Model;
			sourceTree = "<group>";
		};
		3A2F580B2597BFEF000B39A3 /* Model */ = {
			isa = PBXGroup;
			children = (
				3A62AD9425AE2D6A007C7426 /* Post.swift */,
				3A62ADAF25B23204007C7426 /* Video.swift */,
				3A0EF3DA25F6A7EE00F96AB3 /* News.swift */,
				3A0EF3DD25F6A82900F96AB3 /* NewsFactory.swift */,
				3A0EF3E125F6B6E700F96AB3 /* NewsCellFactory.swift */,
			);
			path = Model;
			sourceTree = "<group>";
		};
		3A2F580C2597C009000B39A3 /* Controller */ = {
			isa = PBXGroup;
			children = (
				3A9CADB9253C991300B187FB /* NewsTableViewController.swift */,
			);
			path = Controller;
			sourceTree = "<group>";
		};
		3A2F580D2597C017000B39A3 /* View */ = {
			isa = PBXGroup;
			children = (
				3A9CADBC253C996000B187FB /* NewsTableViewCell.swift */,
				3A9CADC3253CCD0D00B187FB /* NewsHeaderTableViewCell.swift */,
				3A9CADC6253CCD2C00B187FB /* NewsTextTableViewCell.swift */,
				3A9CADC9253CCD3D00B187FB /* NewsMediaTableViewCell.swift */,
				3A8ED681253DC7C1006F38E0 /* NewsMediaCollectionViewCell.swift */,
				3A9CADCC253CCD4D00B187FB /* NewsFooterTableViewCell.swift */,
			);
			path = View;
			sourceTree = "<group>";
		};
		3A2F580E2597C05F000B39A3 /* Model */ = {
			isa = PBXGroup;
			children = (
				3A84CC09257CF2FF005ED340 /* Photo.swift */,
				3AE82EEB259F6D2E00A39B2B /* Photoflow.swift */,
			);
			path = Model;
			sourceTree = "<group>";
		};
		3A2F580F2597C068000B39A3 /* View */ = {
			isa = PBXGroup;
			children = (
				3A3553AA2544D4BD00E88C58 /* PhotoflowCollectionViewCell.swift */,
				3A3553AB2544D4BD00E88C58 /* PhotoflowCollectionViewCell.xib */,
				3AD23797254721B9007E30DA /* FullScreenCollectionViewCell.swift */,
			);
			path = View;
			sourceTree = "<group>";
		};
		3A2F58102597C06D000B39A3 /* Controller */ = {
			isa = PBXGroup;
			children = (
				3A3553A62544D0A100E88C58 /* PhotoflowViewController.swift */,
				3AD2379325471D83007E30DA /* FullScreenViewController.swift */,
			);
			path = Controller;
			sourceTree = "<group>";
		};
		3A2F58152597C135000B39A3 /* Controller */ = {
			isa = PBXGroup;
			children = (
				3AFB250D2535E37E00908839 /* MessengerTableViewController.swift */,
			);
			path = Controller;
			sourceTree = "<group>";
		};
		3A2F58162597C144000B39A3 /* View */ = {
			isa = PBXGroup;
			children = (
				3AFB25142535E44A00908839 /* MessengerTableViewCell.swift */,
				3AFB25152535E44A00908839 /* MessengerTableViewCell.xib */,
				3AFB251925363C2500908839 /* MessageStatusView.swift */,
			);
			path = View;
			sourceTree = "<group>";
		};
		3A3EA889254072CC002EB846 /* Extensions */ = {
			isa = PBXGroup;
			children = (
				3A3EA88A25407301002EB846 /* UIButtonExtension.swift */,
				3AA5E2E32540DBF200BB7B5E /* UIViewExtension.swift */,
				8B7F4E3825D66D1E00D1DD4A /* UITableViewControllerExtension.swift */,
				3A0EF3CA25F3E07700F96AB3 /* UIColorExtension.swift */,
				3A0EF3CD25F3EA1900F96AB3 /* DateFormatterExtension.swift */,
			);
			path = Extensions;
			sourceTree = "<group>";
		};
		3A44566A2543135500198FC2 /* RawFeatures */ = {
			isa = PBXGroup;
			children = (
				3A44566B2543138400198FC2 /* RawFeatures.swift */,
				3ABC48B72548282D00905805 /* FullScreenScrollView.swift */,
			);
			path = RawFeatures;
			sourceTree = "<group>";
		};
		3A6C24CE2537494C00B97B0E /* Account */ = {
			isa = PBXGroup;
			children = (
				3A6C24CF2537497800B97B0E /* AccountTableViewController.swift */,
				3A58804D2541AD480035B005 /* AccountTableViewCell.swift */,
			);
			path = Account;
			sourceTree = "<group>";
		};
		3A7B0D1B25CEF58300E135D3 /* Model */ = {
			isa = PBXGroup;
			children = (
				3A7B0D1C25CEF59700E135D3 /* MessagesService.swift */,
			);
			path = Model;
			sourceTree = "<group>";
		};
		3A9CADB7253C7A6100B187FB /* News */ = {
			isa = PBXGroup;
			children = (
				3A2F580B2597BFEF000B39A3 /* Model */,
				3A2F580D2597C017000B39A3 /* View */,
				3A2F580C2597C009000B39A3 /* Controller */,
			);
			path = News;
			sourceTree = "<group>";
		};
		3AA20B7B258403D900857933 /* DataBases */ = {
			isa = PBXGroup;
			children = (
				3AA20B7C258403F200857933 /* RealmManager.swift */,
			);
			path = DataBases;
			sourceTree = "<group>";
		};
		3AFB250C2535E31900908839 /* Messenger */ = {
			isa = PBXGroup;
			children = (
				3A7B0D1B25CEF58300E135D3 /* Model */,
				3A2F58162597C144000B39A3 /* View */,
				3A2F58152597C135000B39A3 /* Controller */,
			);
			path = Messenger;
			sourceTree = "<group>";
		};
		8B3CC3F12594D6B000874547 /* Controller */ = {
			isa = PBXGroup;
			children = (
				3A63AEA9252B9C02000C2046 /* GroupsTableViewController.swift */,
				3A2D55C8252CF37B0085C278 /* GroupsSearchTableViewController.swift */,
			);
			path = Controller;
			sourceTree = "<group>";
		};
		8B3CC3F22594D6EC00874547 /* View */ = {
			isa = PBXGroup;
			children = (
				3A63AEBB252BBB8B000C2046 /* GroupsTableViewCell.swift */,
				3A2D55CC252CF9720085C278 /* GroupsSearchTableViewCell.swift */,
			);
			path = View;
			sourceTree = "<group>";
		};
		8B3CC3F32594D6FE00874547 /* Model */ = {
			isa = PBXGroup;
			children = (
				3A38B909252DD2810057542D /* Group.swift */,
				8B39F02825C2F371000A6016 /* GroupParser.swift */,
			);
			path = Model;
			sourceTree = "<group>";
		};
		FEE16C89C8D282C500EE354C /* Pods */ = {
			isa = PBXGroup;
			children = (
				70F06DD29DA98926E8ECF9F9 /* Pods-SocialApp.debug.xcconfig */,
				B30D10EFDD67D92C56BD032F /* Pods-SocialApp.release.xcconfig */,
			);
			path = Pods;
			sourceTree = "<group>";
		};
/* End PBXGroup section */

/* Begin PBXNativeTarget section */
		3A0EB2F22523382900BC6F04 /* SocialApp */ = {
			isa = PBXNativeTarget;
			buildConfigurationList = 3A0EB3072523382C00BC6F04 /* Build configuration list for PBXNativeTarget "SocialApp" */;
			buildPhases = (
				464B5859163DBFBE3C7B5CFC /* [CP] Check Pods Manifest.lock */,
				3A0EB2EF2523382900BC6F04 /* Sources */,
				3A0EB2F02523382900BC6F04 /* Frameworks */,
				3A0EB2F12523382900BC6F04 /* Resources */,
				7D40BBA7B1E3010884E519EA /* [CP] Embed Pods Frameworks */,
			);
			buildRules = (
			);
			dependencies = (
			);
			name = SocialApp;
			productName = SocialApp;
			productReference = 3A0EB2F32523382900BC6F04 /* SocialApp.app */;
			productType = "com.apple.product-type.application";
		};
/* End PBXNativeTarget section */

/* Begin PBXProject section */
		3A0EB2EB2523382900BC6F04 /* Project object */ = {
			isa = PBXProject;
			attributes = {
				LastSwiftUpdateCheck = 1200;
				LastUpgradeCheck = 1200;
				TargetAttributes = {
					3A0EB2F22523382900BC6F04 = {
						CreatedOnToolsVersion = 12.0.1;
					};
				};
			};
			buildConfigurationList = 3A0EB2EE2523382900BC6F04 /* Build configuration list for PBXProject "SocialApp" */;
			compatibilityVersion = "Xcode 9.3";
			developmentRegion = en;
			hasScannedForEncodings = 0;
			knownRegions = (
				en,
				Base,
			);
			mainGroup = 3A0EB2EA2523382900BC6F04;
			productRefGroup = 3A0EB2F42523382900BC6F04 /* Products */;
			projectDirPath = "";
			projectRoot = "";
			targets = (
				3A0EB2F22523382900BC6F04 /* SocialApp */,
			);
		};
/* End PBXProject section */

/* Begin PBXResourcesBuildPhase section */
		3A0EB2F12523382900BC6F04 /* Resources */ = {
			isa = PBXResourcesBuildPhase;
			buildActionMask = 2147483647;
			files = (
				3A0EB3032523382C00BC6F04 /* LaunchScreen.storyboard in Resources */,
				3A0EB3002523382C00BC6F04 /* Assets.xcassets in Resources */,
				3A3553AD2544D4BD00E88C58 /* PhotoflowCollectionViewCell.xib in Resources */,
				3A0EB2FE2523382900BC6F04 /* Main.storyboard in Resources */,
				3AFB25172535E44A00908839 /* MessengerTableViewCell.xib in Resources */,
				3AE82EFC25A33D7E00A39B2B /* GoogleService-Info.plist in Resources */,
			);
			runOnlyForDeploymentPostprocessing = 0;
		};
/* End PBXResourcesBuildPhase section */

/* Begin PBXShellScriptBuildPhase section */
		464B5859163DBFBE3C7B5CFC /* [CP] Check Pods Manifest.lock */ = {
			isa = PBXShellScriptBuildPhase;
			buildActionMask = 2147483647;
			files = (
			);
			inputFileListPaths = (
			);
			inputPaths = (
				"${PODS_PODFILE_DIR_PATH}/Podfile.lock",
				"${PODS_ROOT}/Manifest.lock",
			);
			name = "[CP] Check Pods Manifest.lock";
			outputFileListPaths = (
			);
			outputPaths = (
				"$(DERIVED_FILE_DIR)/Pods-SocialApp-checkManifestLockResult.txt",
			);
			runOnlyForDeploymentPostprocessing = 0;
			shellPath = /bin/sh;
			shellScript = "diff \"${PODS_PODFILE_DIR_PATH}/Podfile.lock\" \"${PODS_ROOT}/Manifest.lock\" > /dev/null\nif [ $? != 0 ] ; then\n    # print error to STDERR\n    echo \"error: The sandbox is not in sync with the Podfile.lock. Run 'pod install' or update your CocoaPods installation.\" >&2\n    exit 1\nfi\n# This output is used by Xcode 'outputs' to avoid re-running this script phase.\necho \"SUCCESS\" > \"${SCRIPT_OUTPUT_FILE_0}\"\n";
			showEnvVarsInLog = 0;
		};
		7D40BBA7B1E3010884E519EA /* [CP] Embed Pods Frameworks */ = {
			isa = PBXShellScriptBuildPhase;
			buildActionMask = 2147483647;
			files = (
			);
			inputFileListPaths = (
				"${PODS_ROOT}/Target Support Files/Pods-SocialApp/Pods-SocialApp-frameworks-${CONFIGURATION}-input-files.xcfilelist",
			);
			name = "[CP] Embed Pods Frameworks";
			outputFileListPaths = (
				"${PODS_ROOT}/Target Support Files/Pods-SocialApp/Pods-SocialApp-frameworks-${CONFIGURATION}-output-files.xcfilelist",
			);
			runOnlyForDeploymentPostprocessing = 0;
			shellPath = /bin/sh;
			shellScript = "\"${PODS_ROOT}/Target Support Files/Pods-SocialApp/Pods-SocialApp-frameworks.sh\"\n";
			showEnvVarsInLog = 0;
		};
/* End PBXShellScriptBuildPhase section */

/* Begin PBXSourcesBuildPhase section */
		3A0EB2EF2523382900BC6F04 /* Sources */ = {
			isa = PBXSourcesBuildPhase;
			buildActionMask = 2147483647;
			files = (
				3AA5E2E42540DBF200BB7B5E /* UIViewExtension.swift in Sources */,
				3A7B0D1D25CEF59700E135D3 /* MessagesService.swift in Sources */,
				3A8ED682253DC7C1006F38E0 /* NewsMediaCollectionViewCell.swift in Sources */,
				8B7F4E3925D66D1E00D1DD4A /* UITableViewControllerExtension.swift in Sources */,
				3A9CADC4253CCD0D00B187FB /* NewsHeaderTableViewCell.swift in Sources */,
				3A0EF3DE25F6A82900F96AB3 /* NewsFactory.swift in Sources */,
				3A38B907252DD1460057542D /* User.swift in Sources */,
				3A3553A72544D0A100E88C58 /* PhotoflowViewController.swift in Sources */,
				3A62AD9525AE2D6A007C7426 /* Post.swift in Sources */,
				3AFB250E2535E37E00908839 /* MessengerTableViewController.swift in Sources */,
				3A9CADCD253CCD4D00B187FB /* NewsFooterTableViewCell.swift in Sources */,
				3A0EF3DB25F6A7EE00F96AB3 /* News.swift in Sources */,
				3AFB251A25363C2500908839 /* MessageStatusView.swift in Sources */,
				3A2D55C9252CF37B0085C278 /* GroupsSearchTableViewController.swift in Sources */,
				3A9CADBA253C991300B187FB /* NewsTableViewController.swift in Sources */,
				3A58804E2541AD480035B005 /* AccountTableViewCell.swift in Sources */,
				3AC2445025BDE671004D3B0B /* ParsingOperation.swift in Sources */,
				3A62ADB025B23204007C7426 /* Video.swift in Sources */,
				3A0EB30C252343B600BC6F04 /* LoginFormViewController.swift in Sources */,
				3A0EB3132526717E00BC6F04 /* TabBarController.swift in Sources */,
				8BCDE23325DA8733000E088B /* FriendsProfileTableViewController.swift in Sources */,
				3A0EB2F72523382900BC6F04 /* AppDelegate.swift in Sources */,
				3A0EF3D125F41AC000F96AB3 /* FriendViewModel.swift in Sources */,
				8B39F02925C2F371000A6016 /* GroupParser.swift in Sources */,
				3A3EA88B25407301002EB846 /* UIButtonExtension.swift in Sources */,
				3A0EF3E225F6B6E700F96AB3 /* NewsCellFactory.swift in Sources */,
				3AC2444D25BDD5B0004D3B0B /* AsyncOperation.swift in Sources */,
				3A63AEB7252BA89B000C2046 /* FriendsTableViewCell.swift in Sources */,
				3A38B90A252DD2810057542D /* Group.swift in Sources */,
				3A9CADBD253C996000B187FB /* NewsTableViewCell.swift in Sources */,
				3A6C24D02537497800B97B0E /* AccountTableViewController.swift in Sources */,
				3AE82EEC259F6D2E00A39B2B /* Photoflow.swift in Sources */,
				3A0EF3CE25F3EA1900F96AB3 /* DateFormatterExtension.swift in Sources */,
				3A0EB2F92523382900BC6F04 /* SceneDelegate.swift in Sources */,
				3A35C03F25C0A0B800450FF5 /* AvatarDownloader.swift in Sources */,
				3A3553A12544993E00E88C58 /* FriendProfileTableViewCell.swift in Sources */,
				3A44566C2543138400198FC2 /* RawFeatures.swift in Sources */,
				3AD2379425471D83007E30DA /* FullScreenViewController.swift in Sources */,
				3A07C8C4256DD1ED004D8B22 /* NetworkManager.swift in Sources */,
				3A07C8AC256DB441004D8B22 /* UserSession.swift in Sources */,
				3A2D55CD252CF9720085C278 /* GroupsSearchTableViewCell.swift in Sources */,
				3AC2445825BDEDD4004D3B0B /* SavingOperation.swift in Sources */,
				3AFB25162535E44A00908839 /* MessengerTableViewCell.swift in Sources */,
				3A9CADCA253CCD3D00B187FB /* NewsMediaTableViewCell.swift in Sources */,
				3A63AEA6252B74B1000C2046 /* FriendsTableViewController.swift in Sources */,
				3A35539E2544954C00E88C58 /* FriendProfileDetailsTableViewCell.swift in Sources */,
				3AA20B7D258403F200857933 /* RealmManager.swift in Sources */,
				3A35539B254494C700E88C58 /* FriendProfileAvatarTableViewCell.swift in Sources */,
				3A07C8B2256DB7D9004D8B22 /* WebLoginViewController.swift in Sources */,
				3AD23798254721B9007E30DA /* FullScreenCollectionViewCell.swift in Sources */,
				3A63AEAA252B9C02000C2046 /* GroupsTableViewController.swift in Sources */,
				3A9CADC7253CCD2C00B187FB /* NewsTextTableViewCell.swift in Sources */,
				3A35C04225C0B32900450FF5 /* DownloadingAvatarsOperation.swift in Sources */,
				3ABC48B82548282D00905805 /* FullScreenScrollView.swift in Sources */,
				3A3553AC2544D4BD00E88C58 /* PhotoflowCollectionViewCell.swift in Sources */,
				3A0EF3CB25F3E07700F96AB3 /* UIColorExtension.swift in Sources */,
				3A2D5B3B2574223700D029D0 /* Friend.swift in Sources */,
				3A84CC0A257CF2FF005ED340 /* Photo.swift in Sources */,
				3A07C8AF256DB559004D8B22 /* VKScopeBitmask.swift in Sources */,
				3AB5F58D2530A28C0081DB51 /* AvatarView.swift in Sources */,
				3A0EF3D425F4222400F96AB3 /* FriendViewModelAdapter.swift in Sources */,
				3A63AEBC252BBB8B000C2046 /* GroupsTableViewCell.swift in Sources */,
				3AC2444A25BDC208004D3B0B /* NetworkOperation.swift in Sources */,
			);
			runOnlyForDeploymentPostprocessing = 0;
		};
/* End PBXSourcesBuildPhase section */

/* Begin PBXVariantGroup section */
		3A0EB2FC2523382900BC6F04 /* Main.storyboard */ = {
			isa = PBXVariantGroup;
			children = (
				3A0EB2FD2523382900BC6F04 /* Base */,
			);
			name = Main.storyboard;
			sourceTree = "<group>";
		};
		3A0EB3012523382C00BC6F04 /* LaunchScreen.storyboard */ = {
			isa = PBXVariantGroup;
			children = (
				3A0EB3022523382C00BC6F04 /* Base */,
			);
			name = LaunchScreen.storyboard;
			sourceTree = "<group>";
		};
/* End PBXVariantGroup section */

/* Begin XCBuildConfiguration section */
		3A0EB3052523382C00BC6F04 /* Debug */ = {
			isa = XCBuildConfiguration;
			buildSettings = {
				ALWAYS_SEARCH_USER_PATHS = NO;
				CLANG_ANALYZER_NONNULL = YES;
				CLANG_ANALYZER_NUMBER_OBJECT_CONVERSION = YES_AGGRESSIVE;
				CLANG_CXX_LANGUAGE_STANDARD = "gnu++14";
				CLANG_CXX_LIBRARY = "libc++";
				CLANG_ENABLE_MODULES = YES;
				CLANG_ENABLE_OBJC_ARC = YES;
				CLANG_ENABLE_OBJC_WEAK = YES;
				CLANG_WARN_BLOCK_CAPTURE_AUTORELEASING = YES;
				CLANG_WARN_BOOL_CONVERSION = YES;
				CLANG_WARN_COMMA = YES;
				CLANG_WARN_CONSTANT_CONVERSION = YES;
				CLANG_WARN_DEPRECATED_OBJC_IMPLEMENTATIONS = YES;
				CLANG_WARN_DIRECT_OBJC_ISA_USAGE = YES_ERROR;
				CLANG_WARN_DOCUMENTATION_COMMENTS = YES;
				CLANG_WARN_EMPTY_BODY = YES;
				CLANG_WARN_ENUM_CONVERSION = YES;
				CLANG_WARN_INFINITE_RECURSION = YES;
				CLANG_WARN_INT_CONVERSION = YES;
				CLANG_WARN_NON_LITERAL_NULL_CONVERSION = YES;
				CLANG_WARN_OBJC_IMPLICIT_RETAIN_SELF = YES;
				CLANG_WARN_OBJC_LITERAL_CONVERSION = YES;
				CLANG_WARN_OBJC_ROOT_CLASS = YES_ERROR;
				CLANG_WARN_QUOTED_INCLUDE_IN_FRAMEWORK_HEADER = YES;
				CLANG_WARN_RANGE_LOOP_ANALYSIS = YES;
				CLANG_WARN_STRICT_PROTOTYPES = YES;
				CLANG_WARN_SUSPICIOUS_MOVE = YES;
				CLANG_WARN_UNGUARDED_AVAILABILITY = YES_AGGRESSIVE;
				CLANG_WARN_UNREACHABLE_CODE = YES;
				CLANG_WARN__DUPLICATE_METHOD_MATCH = YES;
				COPY_PHASE_STRIP = NO;
				DEBUG_INFORMATION_FORMAT = dwarf;
				ENABLE_STRICT_OBJC_MSGSEND = YES;
				ENABLE_TESTABILITY = YES;
				GCC_C_LANGUAGE_STANDARD = gnu11;
				GCC_DYNAMIC_NO_PIC = NO;
				GCC_NO_COMMON_BLOCKS = YES;
				GCC_OPTIMIZATION_LEVEL = 0;
				GCC_PREPROCESSOR_DEFINITIONS = (
					"DEBUG=1",
					"$(inherited)",
				);
				GCC_WARN_64_TO_32_BIT_CONVERSION = YES;
				GCC_WARN_ABOUT_RETURN_TYPE = YES_ERROR;
				GCC_WARN_UNDECLARED_SELECTOR = YES;
				GCC_WARN_UNINITIALIZED_AUTOS = YES_AGGRESSIVE;
				GCC_WARN_UNUSED_FUNCTION = YES;
				GCC_WARN_UNUSED_VARIABLE = YES;
				IPHONEOS_DEPLOYMENT_TARGET = 14.1;
				MTL_ENABLE_DEBUG_INFO = INCLUDE_SOURCE;
				MTL_FAST_MATH = YES;
				ONLY_ACTIVE_ARCH = YES;
				SDKROOT = iphoneos;
				SWIFT_ACTIVE_COMPILATION_CONDITIONS = DEBUG;
				SWIFT_OPTIMIZATION_LEVEL = "-Onone";
			};
			name = Debug;
		};
		3A0EB3062523382C00BC6F04 /* Release */ = {
			isa = XCBuildConfiguration;
			buildSettings = {
				ALWAYS_SEARCH_USER_PATHS = NO;
				CLANG_ANALYZER_NONNULL = YES;
				CLANG_ANALYZER_NUMBER_OBJECT_CONVERSION = YES_AGGRESSIVE;
				CLANG_CXX_LANGUAGE_STANDARD = "gnu++14";
				CLANG_CXX_LIBRARY = "libc++";
				CLANG_ENABLE_MODULES = YES;
				CLANG_ENABLE_OBJC_ARC = YES;
				CLANG_ENABLE_OBJC_WEAK = YES;
				CLANG_WARN_BLOCK_CAPTURE_AUTORELEASING = YES;
				CLANG_WARN_BOOL_CONVERSION = YES;
				CLANG_WARN_COMMA = YES;
				CLANG_WARN_CONSTANT_CONVERSION = YES;
				CLANG_WARN_DEPRECATED_OBJC_IMPLEMENTATIONS = YES;
				CLANG_WARN_DIRECT_OBJC_ISA_USAGE = YES_ERROR;
				CLANG_WARN_DOCUMENTATION_COMMENTS = YES;
				CLANG_WARN_EMPTY_BODY = YES;
				CLANG_WARN_ENUM_CONVERSION = YES;
				CLANG_WARN_INFINITE_RECURSION = YES;
				CLANG_WARN_INT_CONVERSION = YES;
				CLANG_WARN_NON_LITERAL_NULL_CONVERSION = YES;
				CLANG_WARN_OBJC_IMPLICIT_RETAIN_SELF = YES;
				CLANG_WARN_OBJC_LITERAL_CONVERSION = YES;
				CLANG_WARN_OBJC_ROOT_CLASS = YES_ERROR;
				CLANG_WARN_QUOTED_INCLUDE_IN_FRAMEWORK_HEADER = YES;
				CLANG_WARN_RANGE_LOOP_ANALYSIS = YES;
				CLANG_WARN_STRICT_PROTOTYPES = YES;
				CLANG_WARN_SUSPICIOUS_MOVE = YES;
				CLANG_WARN_UNGUARDED_AVAILABILITY = YES_AGGRESSIVE;
				CLANG_WARN_UNREACHABLE_CODE = YES;
				CLANG_WARN__DUPLICATE_METHOD_MATCH = YES;
				COPY_PHASE_STRIP = NO;
				DEBUG_INFORMATION_FORMAT = "dwarf-with-dsym";
				ENABLE_NS_ASSERTIONS = NO;
				ENABLE_STRICT_OBJC_MSGSEND = YES;
				GCC_C_LANGUAGE_STANDARD = gnu11;
				GCC_NO_COMMON_BLOCKS = YES;
				GCC_WARN_64_TO_32_BIT_CONVERSION = YES;
				GCC_WARN_ABOUT_RETURN_TYPE = YES_ERROR;
				GCC_WARN_UNDECLARED_SELECTOR = YES;
				GCC_WARN_UNINITIALIZED_AUTOS = YES_AGGRESSIVE;
				GCC_WARN_UNUSED_FUNCTION = YES;
				GCC_WARN_UNUSED_VARIABLE = YES;
				IPHONEOS_DEPLOYMENT_TARGET = 14.1;
				MTL_ENABLE_DEBUG_INFO = NO;
				MTL_FAST_MATH = YES;
				SDKROOT = iphoneos;
				SWIFT_COMPILATION_MODE = wholemodule;
				SWIFT_OPTIMIZATION_LEVEL = "-O";
				VALIDATE_PRODUCT = YES;
			};
			name = Release;
		};
		3A0EB3082523382C00BC6F04 /* Debug */ = {
			isa = XCBuildConfiguration;
			baseConfigurationReference = 70F06DD29DA98926E8ECF9F9 /* Pods-SocialApp.debug.xcconfig */;
			buildSettings = {
				ASSETCATALOG_COMPILER_APPICON_NAME = AppIcon;
				ASSETCATALOG_COMPILER_GLOBAL_ACCENT_COLOR_NAME = AccentColor;
				CODE_SIGN_STYLE = Automatic;
				DEVELOPMENT_TEAM = NZ34M8AX57;
				INFOPLIST_FILE = SocialApp/Info.plist;
				IPHONEOS_DEPLOYMENT_TARGET = 13.0;
				LD_RUNPATH_SEARCH_PATHS = (
					"$(inherited)",
					"@executable_path/Frameworks",
				);
				PRODUCT_BUNDLE_IDENTIFIER = "Igor-A-Penkin.SocialApp";
				PRODUCT_NAME = "$(TARGET_NAME)";
				SWIFT_VERSION = 5.0;
				TARGETED_DEVICE_FAMILY = 1;
			};
			name = Debug;
		};
		3A0EB3092523382C00BC6F04 /* Release */ = {
			isa = XCBuildConfiguration;
			baseConfigurationReference = B30D10EFDD67D92C56BD032F /* Pods-SocialApp.release.xcconfig */;
			buildSettings = {
				ASSETCATALOG_COMPILER_APPICON_NAME = AppIcon;
				ASSETCATALOG_COMPILER_GLOBAL_ACCENT_COLOR_NAME = AccentColor;
				CODE_SIGN_STYLE = Automatic;
				DEVELOPMENT_TEAM = NZ34M8AX57;
				INFOPLIST_FILE = SocialApp/Info.plist;
				IPHONEOS_DEPLOYMENT_TARGET = 13.0;
				LD_RUNPATH_SEARCH_PATHS = (
					"$(inherited)",
					"@executable_path/Frameworks",
				);
				PRODUCT_BUNDLE_IDENTIFIER = "Igor-A-Penkin.SocialApp";
				PRODUCT_NAME = "$(TARGET_NAME)";
				SWIFT_VERSION = 5.0;
				TARGETED_DEVICE_FAMILY = 1;
			};
			name = Release;
		};
/* End XCBuildConfiguration section */

/* Begin XCConfigurationList section */
		3A0EB2EE2523382900BC6F04 /* Build configuration list for PBXProject "SocialApp" */ = {
			isa = XCConfigurationList;
			buildConfigurations = (
				3A0EB3052523382C00BC6F04 /* Debug */,
				3A0EB3062523382C00BC6F04 /* Release */,
			);
			defaultConfigurationIsVisible = 0;
			defaultConfigurationName = Release;
		};
		3A0EB3072523382C00BC6F04 /* Build configuration list for PBXNativeTarget "SocialApp" */ = {
			isa = XCConfigurationList;
			buildConfigurations = (
				3A0EB3082523382C00BC6F04 /* Debug */,
				3A0EB3092523382C00BC6F04 /* Release */,
			);
			defaultConfigurationIsVisible = 0;
			defaultConfigurationName = Release;
		};
/* End XCConfigurationList section */
	};
	rootObject = 3A0EB2EB2523382900BC6F04 /* Project object */;
}
